
Microsoft Visual Studio Solution File, Format Version 12.00
# Visual Studio Version 16
VisualStudioVersion = 16.0.33328.57
MinimumVisualStudioVersion = 10.0.40219.1
Project("{FAE04EC0-301F-11D3-BF4B-00C04F79EFBC}") = "Ppttaller03.Android", "Ppttaller03.Android\Ppttaller03.Android.csproj", "{3CE5B362-01B8-469B-833C-EFC3D0FAB767}"
EndProject
Project("{FAE04EC0-301F-11D3-BF4B-00C04F79EFBC}") = "Ppttaller03", "Ppttaller03\Ppttaller03.csproj", "{F3CDEF8C-F135-4A11-9691-F8DAEB38423A}"
EndProject
Global
	GlobalSection(SolutionConfigurationPlatforms) = preSolution
		Debug|Any CPU = Debug|Any CPU
		Release|Any CPU = Release|Any CPU
	EndGlobalSection
	GlobalSection(ProjectConfigurationPlatforms) = postSolution
		{3CE5B362-01B8-469B-833C-EFC3D0FAB767}.Debug|Any CPU.ActiveCfg = Debug|Any CPU
		{3CE5B362-01B8-469B-833C-EFC3D0FAB767}.Debug|Any CPU.Build.0 = Debug|Any CPU
		{3CE5B362-01B8-469B-833C-EFC3D0FAB767}.Debug|Any CPU.Deploy.0 = Debug|Any CPU
		{3CE5B362-01B8-469B-833C-EFC3D0FAB767}.Release|Any CPU.ActiveCfg = Release|Any CPU
		{3CE5B362-01B8-469B-833C-EFC3D0FAB767}.Release|Any CPU.Build.0 = Release|Any CPU
		{3CE5B362-01B8-469B-833C-EFC3D0FAB767}.Release|Any CPU.Deploy.0 = Release|Any CPU
		{F3CDEF8C-F135-4A11-9691-F8DAEB38423A}.Debug|Any CPU.ActiveCfg = Debug|Any CPU
		{F3CDEF8C-F135-4A11-9691-F8DAEB38423A}.Debug|Any CPU.Build.0 = Debug|Any CPU
		{F3CDEF8C-F135-4A11-9691-F8DAEB38423A}.Debug|Any CPU.Deploy.0 = Debug|Any CPU
		{F3CDEF8C-F135-4A11-9691-F8DAEB38423A}.Release|Any CPU.ActiveCfg = Release|Any CPU
		{F3CDEF8C-F135-4A11-9691-F8DAEB38423A}.Release|Any CPU.Build.0 = Release|Any CPU
		{F3CDEF8C-F135-4A11-9691-F8DAEB38423A}.Release|Any CPU.Deploy.0 = Release|Any CPU
	EndGlobalSection
	GlobalSection(SolutionProperties) = preSolution
		HideSolutionNode = FALSE
	EndGlobalSection
	GlobalSection(ExtensibilityGlobals) = postSolution
		SolutionGuid = {28D37342-9192-4DA5-B4A2-38DEB392A5C5}
	EndGlobalSection
EndGlobal
